
Microsoft Visual Studio Solution File, Format Version 12.00
# Visual Studio Version 16
VisualStudioVersion = 16.0.31515.178
MinimumVisualStudioVersion = 10.0.40219.1
Project("{FAE04EC0-301F-11D3-BF4B-00C04F79EFBC}") = "Ticket.Api", "Ticket.Api\Ticket.Api.csproj", "{D75563F3-2990-43CD-B4A6-79B8F45F9733}"
EndProject
Project("{FAE04EC0-301F-11D3-BF4B-00C04F79EFBC}") = "Ticket.Core", "Ticket.Core\Ticket.Core.csproj", "{8DA9F40F-42AB-4691-ADB5-22AE5014F3E5}"
EndProject
Project("{FAE04EC0-301F-11D3-BF4B-00C04F79EFBC}") = "Ticket.Infraestructure", "Ticket.Infraestructure\Ticket.Infraestructure.csproj", "{03CDDB9C-60A2-42D3-BD51-D22C2C8560AA}"
EndProject
Project("{2150E333-8FDC-42A3-9474-1A3956D46DE8}") = "Tests", "Tests", "{B91DFC2C-06FC-45BD-8CC3-CFF6D23401A5}"
EndProject
Project("{FAE04EC0-301F-11D3-BF4B-00C04F79EFBC}") = "Ticket.UnitTests", "Ticket.UnitTests\Ticket.UnitTests.csproj", "{0306D56C-6B78-4D58-8027-ABBA8907DE2A}"
EndProject
Project("{FAE04EC0-301F-11D3-BF4B-00C04F79EFBC}") = "Ticket.IntegrationTests", "Ticket.IntegrationTests\Ticket.IntegrationTests.csproj", "{4BD0036C-DD92-4B5D-8AF9-3896ADDA4DA7}"
EndProject
Global
	GlobalSection(SolutionConfigurationPlatforms) = preSolution
		Debug|Any CPU = Debug|Any CPU
		Release|Any CPU = Release|Any CPU
	EndGlobalSection
	GlobalSection(ProjectConfigurationPlatforms) = postSolution
		{D75563F3-2990-43CD-B4A6-79B8F45F9733}.Debug|Any CPU.ActiveCfg = Debug|Any CPU
		{D75563F3-2990-43CD-B4A6-79B8F45F9733}.Debug|Any CPU.Build.0 = Debug|Any CPU
		{D75563F3-2990-43CD-B4A6-79B8F45F9733}.Release|Any CPU.ActiveCfg = Release|Any CPU
		{D75563F3-2990-43CD-B4A6-79B8F45F9733}.Release|Any CPU.Build.0 = Release|Any CPU
		{8DA9F40F-42AB-4691-ADB5-22AE5014F3E5}.Debug|Any CPU.ActiveCfg = Debug|Any CPU
		{8DA9F40F-42AB-4691-ADB5-22AE5014F3E5}.Debug|Any CPU.Build.0 = Debug|Any CPU
		{8DA9F40F-42AB-4691-ADB5-22AE5014F3E5}.Release|Any CPU.ActiveCfg = Release|Any CPU
		{8DA9F40F-42AB-4691-ADB5-22AE5014F3E5}.Release|Any CPU.Build.0 = Release|Any CPU
		{03CDDB9C-60A2-42D3-BD51-D22C2C8560AA}.Debug|Any CPU.ActiveCfg = Debug|Any CPU
		{03CDDB9C-60A2-42D3-BD51-D22C2C8560AA}.Debug|Any CPU.Build.0 = Debug|Any CPU
		{03CDDB9C-60A2-42D3-BD51-D22C2C8560AA}.Release|Any CPU.ActiveCfg = Release|Any CPU
		{03CDDB9C-60A2-42D3-BD51-D22C2C8560AA}.Release|Any CPU.Build.0 = Release|Any CPU
		{0306D56C-6B78-4D58-8027-ABBA8907DE2A}.Debug|Any CPU.ActiveCfg = Debug|Any CPU
		{0306D56C-6B78-4D58-8027-ABBA8907DE2A}.Debug|Any CPU.Build.0 = Debug|Any CPU
		{0306D56C-6B78-4D58-8027-ABBA8907DE2A}.Release|Any CPU.ActiveCfg = Release|Any CPU
		{0306D56C-6B78-4D58-8027-ABBA8907DE2A}.Release|Any CPU.Build.0 = Release|Any CPU
		{4BD0036C-DD92-4B5D-8AF9-3896ADDA4DA7}.Debug|Any CPU.ActiveCfg = Debug|Any CPU
		{4BD0036C-DD92-4B5D-8AF9-3896ADDA4DA7}.Debug|Any CPU.Build.0 = Debug|Any CPU
		{4BD0036C-DD92-4B5D-8AF9-3896ADDA4DA7}.Release|Any CPU.ActiveCfg = Release|Any CPU
		{4BD0036C-DD92-4B5D-8AF9-3896ADDA4DA7}.Release|Any CPU.Build.0 = Release|Any CPU
	EndGlobalSection
	GlobalSection(SolutionProperties) = preSolution
		HideSolutionNode = FALSE
	EndGlobalSection
	GlobalSection(NestedProjects) = preSolution
		{0306D56C-6B78-4D58-8027-ABBA8907DE2A} = {B91DFC2C-06FC-45BD-8CC3-CFF6D23401A5}
		{4BD0036C-DD92-4B5D-8AF9-3896ADDA4DA7} = {B91DFC2C-06FC-45BD-8CC3-CFF6D23401A5}
	EndGlobalSection
	GlobalSection(ExtensibilityGlobals) = postSolution
		SolutionGuid = {741F2956-BC7B-42A6-A74E-FDA8FBD9E147}
	EndGlobalSection
EndGlobal
